{
  "nodes": {
    "nixpkgs": {
      "locked": {
        "lastModified": 1778443072,
        "narHash": "sha256-zi7/fsqM/kFdNuED//4WOCUtezGtKKqRNORjMvfwjnA=",
        "owner": "NixOS",
        "repo": "nixpkgs",
        "rev": "da5ad661ba4e5ef59ba743f0d112cbc30e474f32",
        "type": "github"
      },
      "original": {
        "owner": "NixOS",
        "ref": "nixos-unstable",
        "repo": "nixpkgs",
        "type": "github"
      }
    },
    "root": {
      "inputs": {
        "nixpkgs": "nixpkgs",
        "upstream": "upstream"
      }
    },
    "upstream": {
      "flake": false,
      "locked": {
        "lastModified": 1775555143,
        "narHash": "sha256-NqtgI58TlwBR5EVz7+xfZu/30/O7aEgQneyuNxPViMU=",
        "owner": "Tencent",
        "repo": "openclaw-weixin",
        "rev": "6e58a2bcb505df2cad8ba396b8b58b18bbcb5777",
        "type": "github"
      },
      "original": {
        "owner": "Tencent",
        "repo": "openclaw-weixin",
        "type": "github"
      }
    }
  },
  "root": "root",
  "version": 7
}
