{
  "nodes": {
    "nixpkgs": {
      "locked": {
        "lastModified": 1778869304,
        "narHash": "sha256-30sZNZoA1cqF5JNO9fVX+wgiQYjB7HJqqJ4ztCDeBZE=",
        "owner": "NixOS",
        "repo": "nixpkgs",
        "rev": "d233902339c02a9c334e7e593de68855ad26c4cb",
        "type": "github"
      },
      "original": {
        "owner": "NixOS",
        "ref": "nixos-unstable",
        "repo": "nixpkgs",
        "type": "github"
      }
    },
    "root": {
      "inputs": {
        "nixpkgs": "nixpkgs",
        "upstream": "upstream"
      }
    },
    "upstream": {
      "flake": false,
      "locked": {
        "lastModified": 1779090513,
        "narHash": "sha256-MXj0l0h//raJOEiV1FzGQPMzU38T+igw9Ru56lyl4Go=",
        "owner": "Tencent",
        "repo": "openclaw-weixin",
        "rev": "128dc53a000f389e7da68e1080115252e5b263dd",
        "type": "github"
      },
      "original": {
        "owner": "Tencent",
        "repo": "openclaw-weixin",
        "type": "github"
      }
    }
  },
  "root": "root",
  "version": 7
}
